{
  "name": "ntk",
  "version": "3.0.0",
  "lockfileVersion": 3,
  "requires": true,
  "packages": {
    "": {
      "name": "ntk",
      "version": "3.0.0",
      "license": "MIT",
      "dependencies": {
        "canvas-fontstyle": "^1.0.1",
        "extrude-polyline": "^1.0.6",
        "keysym": "0.0.6",
        "opentype.js": "^2.0.0",
        "parse-color": "^1.0.0",
        "pnltri": "^2.1.1",
        "x11": "^2.3.0"
      },
      "engines": {
        "node": ">=20.19.0"
      }
    },
    "node_modules/as-number": {
      "version": "1.0.0",
      "resolved": "https://registry.npmjs.org/as-number/-/as-number-1.0.0.tgz",
      "integrity": "sha512-HkI/zLo2AbSRO4fqVkmyf3hms0bJDs3iboHqTrNuwTiCRvdYXM7HFhfhB6Dk51anV2LM/IMB83mtK9mHw4FlAg==",
      "license": "MIT"
    },
    "node_modules/canvas-fontstyle": {
      "version": "1.0.1",
      "resolved": "https://registry.npmjs.org/canvas-fontstyle/-/canvas-fontstyle-1.0.1.tgz",
      "integrity": "sha512-Gg40l2XCl6d350TtxD50zYBwNqaxiTWvxguu5Ipk+xcKcgcBxR4LSQIBu48f2KMN8TF4ZsHrte5DsiYlyVOPRg==",
      "license": "ISC",
      "dependencies": {
        "lru-cache": "^4.0.0"
      }
    },
    "node_modules/color-convert": {
      "version": "0.5.3",
      "resolved": "https://registry.npmjs.org/color-convert/-/color-convert-0.5.3.tgz",
      "integrity": "sha512-RwBeO/B/vZR3dfKL1ye/vx8MHZ40ugzpyfeVG5GsiuGnrlMWe2o8wxBbLCpw9CsxV+wHuzYlCiWnybrIA0ling=="
    },
    "node_modules/extrude-polyline": {
      "version": "1.0.6",
      "resolved": "https://registry.npmjs.org/extrude-polyline/-/extrude-polyline-1.0.6.tgz",
      "integrity": "sha512-fcKIanU/v+tcdgG0+xMbS0C2VZ0/CF3qqxSjHiWfWICh0yFBezPr3SsOhgdzwE5E82plG6p1orEsfSqgldpxVg==",
      "license": "MIT",
      "dependencies": {
        "as-number": "^1.0.0",
        "gl-vec2": "^1.0.0",
        "polyline-miter-util": "^1.0.1"
      }
    },
    "node_modules/gl-vec2": {
      "version": "1.3.0",
      "resolved": "https://registry.npmjs.org/gl-vec2/-/gl-vec2-1.3.0.tgz",
      "integrity": "sha512-YiqaAuNsheWmUV0Sa8k94kBB0D6RWjwZztyO+trEYS8KzJ6OQB/4686gdrf59wld4hHFIvaxynO3nRxpk1Ij/A==",
      "license": "zlib"
    },
    "node_modules/keysym": {
      "version": "0.0.6",
      "resolved": "https://registry.npmjs.org/keysym/-/keysym-0.0.6.tgz",
      "integrity": "sha512-3eRCY4N8H4GjocCRJ/WlbCJuoCuEPApkta8VIhuj9nTW50tcQyDCjz1gyzUjYSJqrPcKfh/NlUxxXYdGk4BK3g==",
      "license": "MIT/X11",
      "engines": {
        "node": ">=0.4.0"
      }
    },
    "node_modules/lru-cache": {
      "version": "4.1.5",
      "resolved": "https://registry.npmjs.org/lru-cache/-/lru-cache-4.1.5.tgz",
      "integrity": "sha512-sWZlbEP2OsHNkXrMl5GYk/jKk70MBng6UU4YI/qGDYbgf6YbP4EvmqISbXCoJiRKs+1bSpFHVgQxvJ17F2li5g==",
      "license": "ISC",
      "dependencies": {
        "pseudomap": "^1.0.2",
        "yallist": "^2.1.2"
      }
    },
    "node_modules/opentype.js": {
      "version": "2.0.0",
      "resolved": "https://registry.npmjs.org/opentype.js/-/opentype.js-2.0.0.tgz",
      "integrity": "sha512-kCyjv6xdDY1W/jLWZ/L3QhhTlKUqDZMQ5+Jdlw12b3dXkKNpYBqqlMMj0YDQPShWFTMwgZI1hG14kN3XUDSg/A==",
      "license": "MIT",
      "bin": {
        "ot": "bin/ot"
      }
    },
    "node_modules/os-homedir": {
      "version": "1.0.2",
      "resolved": "https://registry.npmjs.org/os-homedir/-/os-homedir-1.0.2.tgz",
      "integrity": "sha512-B5JU3cabzk8c67mRRd3ECmROafjYMXbuzlwtqdM8IbS8ktlTix8aFGb2bAGKrSRIlnfKwovGUUr72JUPyOb6kQ==",
      "license": "MIT",
      "engines": {
        "node": ">=0.10.0"
      }
    },
    "node_modules/parse-color": {
      "version": "1.0.0",
      "resolved": "https://registry.npmjs.org/parse-color/-/parse-color-1.0.0.tgz",
      "integrity": "sha512-fuDHYgFHJGbpGMgw9skY/bj3HL/Jrn4l/5rSspy00DoT4RyLnDcRvPxdZ+r6OFwIsgAuhDh4I09tAId4mI12bw==",
      "license": "MIT",
      "dependencies": {
        "color-convert": "~0.5.0"
      }
    },
    "node_modules/pnltri": {
      "version": "2.1.1",
      "resolved": "https://registry.npmjs.org/pnltri/-/pnltri-2.1.1.tgz",
      "integrity": "sha512-y+D8ZxIlnPVfTlO0gRiM/SsUfx0oLits24vsHARNdIsTYu5GsViTXEB9GJVvwcjwE7qYxdHAA4IiUhybTkRFVw==",
      "license": "The MIT License",
      "engines": {
        "node": "*"
      }
    },
    "node_modules/polyline-miter-util": {
      "version": "1.0.1",
      "resolved": "https://registry.npmjs.org/polyline-miter-util/-/polyline-miter-util-1.0.1.tgz",
      "integrity": "sha512-/3u91zz6mBerBZo6qnOJOTjv7EfPhKtsV028jMyj86YpzLRNmCCFfrX7IO9tCEQ2W4x45yc+vKOezjf7u2Nd6Q==",
      "license": "MIT",
      "dependencies": {
        "gl-vec2": "^1.0.0"
      }
    },
    "node_modules/pseudomap": {
      "version": "1.0.2",
      "resolved": "https://registry.npmjs.org/pseudomap/-/pseudomap-1.0.2.tgz",
      "integrity": "sha512-b/YwNhb8lk1Zz2+bXXpS/LK9OisiZZ1SNsSLxN1x2OXVEhW2Ckr/7mWE5vrC1ZTiJlD9g19jWszTmJsB+oEpFQ==",
      "license": "ISC"
    },
    "node_modules/x11": {
      "version": "2.3.0",
      "resolved": "https://registry.npmjs.org/x11/-/x11-2.3.0.tgz",
      "integrity": "sha512-Ep4DbqZkVHvZNVht+vvELcfdpGKnfh2kZuKdXqyZdtJx3UdvgUGrMQ9lwPNV33tDs86MF4YagC6+E2fZXikF6A==",
      "dependencies": {
        "os-homedir": "^1.0.1"
      },
      "engines": {
        "node": "*"
      }
    },
    "node_modules/yallist": {
      "version": "2.1.2",
      "resolved": "https://registry.npmjs.org/yallist/-/yallist-2.1.2.tgz",
      "integrity": "sha512-ncTzHV7NvsQZkYe1DW7cbDLm0YpzHmZF5r/iyP3ZnQtMiJ+pjzisCiMNI+Sj+xQF5pXhSHxSB3uDbsBTzY/c2A==",
      "license": "ISC"
    }
  }
}
