{
  "name": "ntk",
  "version": "2.1.2",
  "lockfileVersion": 1,
  "requires": true,
  "dependencies": {
    "as-number": {
      "version": "1.0.0",
      "resolved": "https://registry.npmjs.org/as-number/-/as-number-1.0.0.tgz",
      "integrity": "sha1-rLJ+NPj52KsNqeN287iVmGD4CmY="
    },
    "bezier": {
      "version": "0.1.0",
      "resolved": "https://registry.npmjs.org/bezier/-/bezier-0.1.0.tgz",
      "integrity": "sha1-+tFDUCsh43ijGB/+ULqsl60kkJ4="
    },
    "bindings": {
      "version": "1.3.0",
      "resolved": "https://registry.npmjs.org/bindings/-/bindings-1.3.0.tgz",
      "integrity": "sha512-DpLh5EzMR2kzvX1KIlVC0VkC3iZtHKTgdtZ0a3pglBZdaQFjt5S9g9xd1lE+YvXyfd6mtCeRnrUfOLYiTMlNSw=="
    },
    "canvas-fontstyle": {
      "version": "1.0.1",
      "resolved": "https://registry.npmjs.org/canvas-fontstyle/-/canvas-fontstyle-1.0.1.tgz",
      "integrity": "sha1-A2z9sqRgrMIrXxUVsA+bLrM3m/E=",
      "requires": {
        "lru-cache": "^4.0.0"
      }
    },
    "color-convert": {
      "version": "0.5.3",
      "resolved": "https://registry.npmjs.org/color-convert/-/color-convert-0.5.3.tgz",
      "integrity": "sha1-vbbGnOZg+t/+CwAHzER+G59ygr0="
    },
    "extrude-polyline": {
      "version": "1.0.6",
      "resolved": "https://registry.npmjs.org/extrude-polyline/-/extrude-polyline-1.0.6.tgz",
      "integrity": "sha1-fmr+HzSaQYL6P2GgDZOXm5XxiyA=",
      "requires": {
        "as-number": "^1.0.0",
        "gl-vec2": "^1.0.0",
        "polyline-miter-util": "^1.0.1"
      }
    },
    "font-scanner": {
      "version": "0.1.1",
      "resolved": "https://registry.npmjs.org/font-scanner/-/font-scanner-0.1.1.tgz",
      "integrity": "sha512-vSryfXML53dHrIUT/LAxKuxit9ynrDCL4CPfgvh698cTsbGpHYmgGa7eBQTnWvNFgkDFDY1PeXtIFRpbp0ViRw==",
      "requires": {
        "nan": ">=2.10.0"
      }
    },
    "freetype2": {
      "version": "0.3.1",
      "resolved": "https://registry.npmjs.org/freetype2/-/freetype2-0.3.1.tgz",
      "integrity": "sha512-5J5D+OzItg0HWzmu+fkope3AvzMUITdC++rSPcdn6tt97cxS+XV645ieJ5yJwBqsBAMJZRC6/aj2okup+Snufg==",
      "requires": {
        "nan": "^2.0.8"
      }
    },
    "gaussian-convolution-kernel": {
      "version": "1.0.0",
      "resolved": "https://registry.npmjs.org/gaussian-convolution-kernel/-/gaussian-convolution-kernel-1.0.0.tgz",
      "integrity": "sha1-qNakTYONjSGR71FYl/ftKrTjmXY="
    },
    "get-symbol-from-current-process-h": {
      "version": "1.0.1",
      "resolved": "https://registry.npmjs.org/get-symbol-from-current-process-h/-/get-symbol-from-current-process-h-1.0.1.tgz",
      "integrity": "sha512-QvP1+tCDjgTiu+akjdEYd8eK8MFYy6nRCRNjfiCeQB9RJEHQZpN+WE+CVqPRNqjIVMwSqd0WiD008B+b7iIdaA=="
    },
    "get-uv-event-loop-napi-h": {
      "version": "1.0.5",
      "resolved": "https://registry.npmjs.org/get-uv-event-loop-napi-h/-/get-uv-event-loop-napi-h-1.0.5.tgz",
      "integrity": "sha512-uWDHId313vRTyqeLhlLWJS0CJOP8QXY5en/9Pv14dnPvAlRfKBfD6h2EDtoy7jxxOIWB9QgzYK16VCN3pCZOBg==",
      "requires": {
        "get-symbol-from-current-process-h": "^1.0.1"
      }
    },
    "gl-vec2": {
      "version": "1.3.0",
      "resolved": "https://registry.npmjs.org/gl-vec2/-/gl-vec2-1.3.0.tgz",
      "integrity": "sha512-YiqaAuNsheWmUV0Sa8k94kBB0D6RWjwZztyO+trEYS8KzJ6OQB/4686gdrf59wld4hHFIvaxynO3nRxpk1Ij/A=="
    },
    "keysym": {
      "version": "0.0.6",
      "resolved": "https://registry.npmjs.org/keysym/-/keysym-0.0.6.tgz",
      "integrity": "sha1-oXveP9J60i4ZqxvGZTOWpqfaa4c="
    },
    "lru-cache": {
      "version": "4.1.3",
      "resolved": "https://registry.npmjs.org/lru-cache/-/lru-cache-4.1.3.tgz",
      "integrity": "sha512-fFEhvcgzuIoJVUF8fYr5KR0YqxD238zgObTps31YdADwPPAp82a4M8TrckkWyx7ekNlf9aBcVn81cFwwXngrJA==",
      "requires": {
        "pseudomap": "^1.0.2",
        "yallist": "^2.1.2"
      }
    },
    "nan": {
      "version": "2.11.1",
      "resolved": "https://registry.npmjs.org/nan/-/nan-2.11.1.tgz",
      "integrity": "sha512-iji6k87OSXa0CcrLl9z+ZiYSuR2o+c0bGuNmXdrhTQTakxytAFsC56SArGYoiHlJlFoHSnvmhpceZJaXkVuOtA=="
    },
    "node-addon-api": {
      "version": "1.6.1",
      "resolved": "https://registry.npmjs.org/node-addon-api/-/node-addon-api-1.6.1.tgz",
      "integrity": "sha512-GcLOYrG5/enbqH4SMsqXt6GQUQGGnDnE3FLDZzXYkCgQHuZV5UDFR+EboeY8kpG0avroyOjpFQ2qLEBosFcRIA=="
    },
    "os-homedir": {
      "version": "1.0.2",
      "resolved": "http://registry.npmjs.org/os-homedir/-/os-homedir-1.0.2.tgz",
      "integrity": "sha1-/7xJiDNuDoM94MFox+8VISGqf7M="
    },
    "parse-color": {
      "version": "1.0.0",
      "resolved": "https://registry.npmjs.org/parse-color/-/parse-color-1.0.0.tgz",
      "integrity": "sha1-e3SLlag/A/FqlPU15S1/PZRlhhk=",
      "requires": {
        "color-convert": "~0.5.0"
      }
    },
    "pnltri": {
      "version": "2.1.1",
      "resolved": "https://registry.npmjs.org/pnltri/-/pnltri-2.1.1.tgz",
      "integrity": "sha1-OzkS7wScADaCWkpXT5A0C3U5avM="
    },
    "polyline-miter-util": {
      "version": "1.0.1",
      "resolved": "https://registry.npmjs.org/polyline-miter-util/-/polyline-miter-util-1.0.1.tgz",
      "integrity": "sha1-tpPyOJ6g3tNqa89ezS7OS2kX2Vc=",
      "requires": {
        "gl-vec2": "^1.0.0"
      }
    },
    "pseudomap": {
      "version": "1.0.2",
      "resolved": "https://registry.npmjs.org/pseudomap/-/pseudomap-1.0.2.tgz",
      "integrity": "sha1-8FKijacOYYkX7wqKw0wa5aaChrM="
    },
    "setimmediate-napi": {
      "version": "1.0.3",
      "resolved": "https://registry.npmjs.org/setimmediate-napi/-/setimmediate-napi-1.0.3.tgz",
      "integrity": "sha512-ah02BktAAJJ1eHANtD93ZdvKZrCXJwSHXww5arS1YcihOlpJlwsVkns4BXh6sRJNAyWTLl6TkjVx8CjKV9qwcQ==",
      "requires": {
        "get-uv-event-loop-napi-h": "^1.0.2"
      }
    },
    "weak-napi": {
      "version": "1.0.2",
      "resolved": "https://registry.npmjs.org/weak-napi/-/weak-napi-1.0.2.tgz",
      "integrity": "sha512-Ge/ANpx4x6h7GU5oq0lCMlD6fRZIgIQKT3XSMYfD7Z5D4BrAXlPsr3w6Laiba0i59q2gftfAwU91/QJk4+GoWg==",
      "requires": {
        "bindings": "^1.3.0",
        "node-addon-api": "^1.1.0",
        "setimmediate-napi": "^1.0.3"
      }
    },
    "x11": {
      "version": "2.3.0",
      "resolved": "https://registry.npmjs.org/x11/-/x11-2.3.0.tgz",
      "integrity": "sha1-vazO3M2sJIL9Vg8FEee/K9nh2/I=",
      "requires": {
        "os-homedir": "^1.0.1"
      }
    },
    "yallist": {
      "version": "2.1.2",
      "resolved": "https://registry.npmjs.org/yallist/-/yallist-2.1.2.tgz",
      "integrity": "sha1-HBH5IY8HYImkfdUS+TxmmaaoHVI="
    }
  }
}
